
Microsoft Visual Studio Solution File, Format Version 12.00
# Visual Studio Version 16
VisualStudioVersion = 16.0.809.3
MinimumVisualStudioVersion = 10.0.40219.1
Project("{FAE04EC0-301F-11D3-BF4B-00C04F79EFBC}") = "rotatearray", "rotatearray\rotatearray.csproj", "{9BCAA62E-62D1-4913-8A78-D3A70C6EAD2A}"
EndProject
Global
	GlobalSection(SolutionConfigurationPlatforms) = preSolution
		Debug|Any CPU = Debug|Any CPU
		Release|Any CPU = Release|Any CPU
	EndGlobalSection
	GlobalSection(ProjectConfigurationPlatforms) = postSolution
		{9BCAA62E-62D1-4913-8A78-D3A70C6EAD2A}.Debug|Any CPU.ActiveCfg = Debug|Any CPU
		{9BCAA62E-62D1-4913-8A78-D3A70C6EAD2A}.Debug|Any CPU.Build.0 = Debug|Any CPU
		{9BCAA62E-62D1-4913-8A78-D3A70C6EAD2A}.Release|Any CPU.ActiveCfg = Release|Any CPU
		{9BCAA62E-62D1-4913-8A78-D3A70C6EAD2A}.Release|Any CPU.Build.0 = Release|Any CPU
	EndGlobalSection
	GlobalSection(SolutionProperties) = preSolution
		HideSolutionNode = FALSE
	EndGlobalSection
	GlobalSection(ExtensibilityGlobals) = postSolution
		SolutionGuid = {DE1FC140-4BB2-4E46-8CFC-477BFB4191A1}
	EndGlobalSection
EndGlobal
